// !$*UTF8*$!
{
	archiveVersion = 1;
	classes = {
	};
	objectVersion = 46;
	objects = {

/* Begin PBXBuildFile section */
		464A3F1918ED62E200707F0A /* Foundation.framework in Frameworks */ = {isa = PBXBuildFile; fileRef = 464A3F1818ED62E200707F0A /* Foundation.framework */; };
		464A3F1B18ED62E200707F0A /* CoreGraphics.framework in Frameworks */ = {isa = PBXBuildFile; fileRef = 464A3F1A18ED62E200707F0A /* CoreGraphics.framework */; };
		464A3F1D18ED62E200707F0A /* UIKit.framework in Frameworks */ = {isa = PBXBuildFile; fileRef = 464A3F1C18ED62E200707F0A /* UIKit.framework */; };
		464A3F2318ED62E200707F0A /* InfoPlist.strings in Resources */ = {isa = PBXBuildFile; fileRef = 464A3F2118ED62E200707F0A /* InfoPlist.strings */; };
		464A3F2518ED62E200707F0A /* main.m in Sources */ = {isa = PBXBuildFile; fileRef = 464A3F2418ED62E200707F0A /* main.m */; };
		464A3F2918ED62E200707F0A /* AppDelegate.m in Sources */ = {isa = PBXBuildFile; fileRef = 464A3F2818ED62E200707F0A /* AppDelegate.m */; };
		464A3F2C18ED62E200707F0A /* Main.storyboard in Resources */ = {isa = PBXBuildFile; fileRef = 464A3F2A18ED62E200707F0A /* Main.storyboard */; };
		464A3F2F18ED62E200707F0A /* ViewController.m in Sources */ = {isa = PBXBuildFile; fileRef = 464A3F2E18ED62E200707F0A /* ViewController.m */; };
		464A3F3118ED62E200707F0A /* Images.xcassets in Resources */ = {isa = PBXBuildFile; fileRef = 464A3F3018ED62E200707F0A /* Images.xcassets */; };
		464A3F3818ED62E200707F0A /* XCTest.framework in Frameworks */ = {isa = PBXBuildFile; fileRef = 464A3F3718ED62E200707F0A /* XCTest.framework */; };
		464A3F3918ED62E200707F0A /* Foundation.framework in Frameworks */ = {isa = PBXBuildFile; fileRef = 464A3F1818ED62E200707F0A /* Foundation.framework */; };
		464A3F3A18ED62E200707F0A /* UIKit.framework in Frameworks */ = {isa = PBXBuildFile; fileRef = 464A3F1C18ED62E200707F0A /* UIKit.framework */; };
		464A3F4218ED62E200707F0A /* InfoPlist.strings in Resources */ = {isa = PBXBuildFile; fileRef = 464A3F4018ED62E200707F0A /* InfoPlist.strings */; };
		464A3F4418ED62E200707F0A /* FulltextSearchTests.m in Sources */ = {isa = PBXBuildFile; fileRef = 464A3F4318ED62E200707F0A /* FulltextSearchTests.m */; };
		464A3F4E18ED62FC00707F0A /* JsonCatalog in Resources */ = {isa = PBXBuildFile; fileRef = 464A3F4D18ED62FC00707F0A /* JsonCatalog */; };
		464A3F5D18F24D2200707F0A /* JsonCall in Resources */ = {isa = PBXBuildFile; fileRef = 464A3F4F18F24D2200707F0A /* JsonCall */; };
		464A3F5E18F24D2200707F0A /* JsonContact in Resources */ = {isa = PBXBuildFile; fileRef = 464A3F5018F24D2200707F0A /* JsonContact */; };
		464A3F5F18F24D2200707F0A /* JsonCoupon in Resources */ = {isa = PBXBuildFile; fileRef = 464A3F5118F24D2200707F0A /* JsonCoupon */; };
		464A3F6018F24D2200707F0A /* JsonFavorite in Resources */ = {isa = PBXBuildFile; fileRef = 464A3F5218F24D2200707F0A /* JsonFavorite */; };
		464A3F6118F24D2200707F0A /* JsonIntro in Resources */ = {isa = PBXBuildFile; fileRef = 464A3F5318F24D2200707F0A /* JsonIntro */; };
		464A3F6218F24D2200707F0A /* JsonNews in Resources */ = {isa = PBXBuildFile; fileRef = 464A3F5418F24D2200707F0A /* JsonNews */; };
		464A3F6418F24D2200707F0A /* JsonProfile in Resources */ = {isa = PBXBuildFile; fileRef = 464A3F5618F24D2200707F0A /* JsonProfile */; };
		464A3F6518F24D2200707F0A /* JsonProfilePhoto in Resources */ = {isa = PBXBuildFile; fileRef = 464A3F5718F24D2200707F0A /* JsonProfilePhoto */; };
		464A3F6918F24D2200707F0A /* JsonSpecial in Resources */ = {isa = PBXBuildFile; fileRef = 464A3F5B18F24D2200707F0A /* JsonSpecial */; };
		464A3F6A18F24D2200707F0A /* JsonVideo in Resources */ = {isa = PBXBuildFile; fileRef = 464A3F5C18F24D2200707F0A /* JsonVideo */; };
/* End PBXBuildFile section */

/* Begin PBXContainerItemProxy section */
		464A3F3B18ED62E200707F0A /* PBXContainerItemProxy */ = {
			isa = PBXContainerItemProxy;
			containerPortal = 464A3F0D18ED62E100707F0A /* Project object */;
			proxyType = 1;
			remoteGlobalIDString = 464A3F1418ED62E200707F0A;
			remoteInfo = FulltextSearch;
		};
/* End PBXContainerItemProxy section */

/* Begin PBXFileReference section */
		464A3F1518ED62E200707F0A /* FulltextSearch.app */ = {isa = PBXFileReference; explicitFileType = wrapper.application; includeInIndex = 0; path = FulltextSearch.app; sourceTree = BUILT_PRODUCTS_DIR; };
		464A3F1818ED62E200707F0A /* Foundation.framework */ = {isa = PBXFileReference; lastKnownFileType = wrapper.framework; name = Foundation.framework; path = System/Library/Frameworks/Foundation.framework; sourceTree = SDKROOT; };
		464A3F1A18ED62E200707F0A /* CoreGraphics.framework */ = {isa = PBXFileReference; lastKnownFileType = wrapper.framework; name = CoreGraphics.framework; path = System/Library/Frameworks/CoreGraphics.framework; sourceTree = SDKROOT; };
		464A3F1C18ED62E200707F0A /* UIKit.framework */ = {isa = PBXFileReference; lastKnownFileType = wrapper.framework; name = UIKit.framework; path = System/Library/Frameworks/UIKit.framework; sourceTree = SDKROOT; };
		464A3F2018ED62E200707F0A /* FulltextSearch-Info.plist */ = {isa = PBXFileReference; lastKnownFileType = text.plist.xml; path = "FulltextSearch-Info.plist"; sourceTree = "<group>"; };
		464A3F2218ED62E200707F0A /* en */ = {isa = PBXFileReference; lastKnownFileType = text.plist.strings; name = en; path = en.lproj/InfoPlist.strings; sourceTree = "<group>"; };
		464A3F2418ED62E200707F0A /* main.m */ = {isa = PBXFileReference; lastKnownFileType = sourcecode.c.objc; path = main.m; sourceTree = "<group>"; };
		464A3F2618ED62E200707F0A /* FulltextSearch-Prefix.pch */ = {isa = PBXFileReference; lastKnownFileType = sourcecode.c.h; path = "FulltextSearch-Prefix.pch"; sourceTree = "<group>"; };
		464A3F2718ED62E200707F0A /* AppDelegate.h */ = {isa = PBXFileReference; lastKnownFileType = sourcecode.c.h; path = AppDelegate.h; sourceTree = "<group>"; };
		464A3F2818ED62E200707F0A /* AppDelegate.m */ = {isa = PBXFileReference; lastKnownFileType = sourcecode.c.objc; path = AppDelegate.m; sourceTree = "<group>"; };
		464A3F2B18ED62E200707F0A /* Base */ = {isa = PBXFileReference; lastKnownFileType = file.storyboard; name = Base; path = Base.lproj/Main.storyboard; sourceTree = "<group>"; };
		464A3F2D18ED62E200707F0A /* ViewController.h */ = {isa = PBXFileReference; lastKnownFileType = sourcecode.c.h; path = ViewController.h; sourceTree = "<group>"; };
		464A3F2E18ED62E200707F0A /* ViewController.m */ = {isa = PBXFileReference; lastKnownFileType = sourcecode.c.objc; path = ViewController.m; sourceTree = "<group>"; };
		464A3F3018ED62E200707F0A /* Images.xcassets */ = {isa = PBXFileReference; lastKnownFileType = folder.assetcatalog; path = Images.xcassets; sourceTree = "<group>"; };
		464A3F3618ED62E200707F0A /* FulltextSearchTests.xctest */ = {isa = PBXFileReference; explicitFileType = wrapper.cfbundle; includeInIndex = 0; path = FulltextSearchTests.xctest; sourceTree = BUILT_PRODUCTS_DIR; };
		464A3F3718ED62E200707F0A /* XCTest.framework */ = {isa = PBXFileReference; lastKnownFileType = wrapper.framework; name = XCTest.framework; path = Library/Frameworks/XCTest.framework; sourceTree = DEVELOPER_DIR; };
		464A3F3F18ED62E200707F0A /* FulltextSearchTests-Info.plist */ = {isa = PBXFileReference; lastKnownFileType = text.plist.xml; path = "FulltextSearchTests-Info.plist"; sourceTree = "<group>"; };
		464A3F4118ED62E200707F0A /* en */ = {isa = PBXFileReference; lastKnownFileType = text.plist.strings; name = en; path = en.lproj/InfoPlist.strings; sourceTree = "<group>"; };
		464A3F4318ED62E200707F0A /* FulltextSearchTests.m */ = {isa = PBXFileReference; lastKnownFileType = sourcecode.c.objc; path = FulltextSearchTests.m; sourceTree = "<group>"; };
		464A3F4D18ED62FC00707F0A /* JsonCatalog */ = {isa = PBXFileReference; fileEncoding = 4; lastKnownFileType = text; path = JsonCatalog; sourceTree = "<group>"; };
		464A3F4F18F24D2200707F0A /* JsonCall */ = {isa = PBXFileReference; fileEncoding = 4; lastKnownFileType = text; path = JsonCall; sourceTree = "<group>"; };
		464A3F5018F24D2200707F0A /* JsonContact */ = {isa = PBXFileReference; fileEncoding = 4; lastKnownFileType = text; path = JsonContact; sourceTree = "<group>"; };
		464A3F5118F24D2200707F0A /* JsonCoupon */ = {isa = PBXFileReference; fileEncoding = 4; lastKnownFileType = text; path = JsonCoupon; sourceTree = "<group>"; };
		464A3F5218F24D2200707F0A /* JsonFavorite */ = {isa = PBXFileReference; fileEncoding = 4; lastKnownFileType = text; path = JsonFavorite; sourceTree = "<group>"; };
		464A3F5318F24D2200707F0A /* JsonIntro */ = {isa = PBXFileReference; fileEncoding = 4; lastKnownFileType = text; path = JsonIntro; sourceTree = "<group>"; };
		464A3F5418F24D2200707F0A /* JsonNews */ = {isa = PBXFileReference; fileEncoding = 4; lastKnownFileType = text; path = JsonNews; sourceTree = "<group>"; };
		464A3F5618F24D2200707F0A /* JsonProfile */ = {isa = PBXFileReference; fileEncoding = 4; lastKnownFileType = text; path = JsonProfile; sourceTree = "<group>"; };
		464A3F5718F24D2200707F0A /* JsonProfilePhoto */ = {isa = PBXFileReference; fileEncoding = 4; lastKnownFileType = text; path = JsonProfilePhoto; sourceTree = "<group>"; };
		464A3F5B18F24D2200707F0A /* JsonSpecial */ = {isa = PBXFileReference; fileEncoding = 4; lastKnownFileType = text; path = JsonSpecial; sourceTree = "<group>"; };
		464A3F5C18F24D2200707F0A /* JsonVideo */ = {isa = PBXFileReference; fileEncoding = 4; lastKnownFileType = text; path = JsonVideo; sourceTree = "<group>"; };
/* End PBXFileReference section */

/* Begin PBXFrameworksBuildPhase section */
		464A3F1218ED62E200707F0A /* Frameworks */ = {
			isa = PBXFrameworksBuildPhase;
			buildActionMask = 2147483647;
			files = (
				464A3F1B18ED62E200707F0A /* CoreGraphics.framework in Frameworks */,
				464A3F1D18ED62E200707F0A /* UIKit.framework in Frameworks */,
				464A3F1918ED62E200707F0A /* Foundation.framework in Frameworks */,
			);
			runOnlyForDeploymentPostprocessing = 0;
		};
		464A3F3318ED62E200707F0A /* Frameworks */ = {
			isa = PBXFrameworksBuildPhase;
			buildActionMask = 2147483647;
			files = (
				464A3F3818ED62E200707F0A /* XCTest.framework in Frameworks */,
				464A3F3A18ED62E200707F0A /* UIKit.framework in Frameworks */,
				464A3F3918ED62E200707F0A /* Foundation.framework in Frameworks */,
			);
			runOnlyForDeploymentPostprocessing = 0;
		};
/* End PBXFrameworksBuildPhase section */

/* Begin PBXGroup section */
		464A3F0C18ED62E100707F0A = {
			isa = PBXGroup;
			children = (
				464A3F1E18ED62E200707F0A /* FulltextSearch */,
				464A3F3D18ED62E200707F0A /* FulltextSearchTests */,
				464A3F1718ED62E200707F0A /* Frameworks */,
				464A3F1618ED62E200707F0A /* Products */,
			);
			sourceTree = "<group>";
		};
		464A3F1618ED62E200707F0A /* Products */ = {
			isa = PBXGroup;
			children = (
				464A3F1518ED62E200707F0A /* FulltextSearch.app */,
				464A3F3618ED62E200707F0A /* FulltextSearchTests.xctest */,
			);
			name = Products;
			sourceTree = "<group>";
		};
		464A3F1718ED62E200707F0A /* Frameworks */ = {
			isa = PBXGroup;
			children = (
				464A3F1818ED62E200707F0A /* Foundation.framework */,
				464A3F1A18ED62E200707F0A /* CoreGraphics.framework */,
				464A3F1C18ED62E200707F0A /* UIKit.framework */,
				464A3F3718ED62E200707F0A /* XCTest.framework */,
			);
			name = Frameworks;
			sourceTree = "<group>";
		};
		464A3F1E18ED62E200707F0A /* FulltextSearch */ = {
			isa = PBXGroup;
			children = (
				464A3F2718ED62E200707F0A /* AppDelegate.h */,
				464A3F2818ED62E200707F0A /* AppDelegate.m */,
				464A3F2A18ED62E200707F0A /* Main.storyboard */,
				464A3F2D18ED62E200707F0A /* ViewController.h */,
				464A3F2E18ED62E200707F0A /* ViewController.m */,
				464A3F4D18ED62FC00707F0A /* JsonCatalog */,
				464A3F4F18F24D2200707F0A /* JsonCall */,
				464A3F5018F24D2200707F0A /* JsonContact */,
				464A3F5118F24D2200707F0A /* JsonCoupon */,
				464A3F5218F24D2200707F0A /* JsonFavorite */,
				464A3F5318F24D2200707F0A /* JsonIntro */,
				464A3F5418F24D2200707F0A /* JsonNews */,
				464A3F5618F24D2200707F0A /* JsonProfile */,
				464A3F5718F24D2200707F0A /* JsonProfilePhoto */,
				464A3F5B18F24D2200707F0A /* JsonSpecial */,
				464A3F5C18F24D2200707F0A /* JsonVideo */,
				464A3F3018ED62E200707F0A /* Images.xcassets */,
				464A3F1F18ED62E200707F0A /* Supporting Files */,
			);
			path = FulltextSearch;
			sourceTree = "<group>";
		};
		464A3F1F18ED62E200707F0A /* Supporting Files */ = {
			isa = PBXGroup;
			children = (
				464A3F2018ED62E200707F0A /* FulltextSearch-Info.plist */,
				464A3F2118ED62E200707F0A /* InfoPlist.strings */,
				464A3F2418ED62E200707F0A /* main.m */,
				464A3F2618ED62E200707F0A /* FulltextSearch-Prefix.pch */,
			);
			name = "Supporting Files";
			sourceTree = "<group>";
		};
		464A3F3D18ED62E200707F0A /* FulltextSearchTests */ = {
			isa = PBXGroup;
			children = (
				464A3F4318ED62E200707F0A /* FulltextSearchTests.m */,
				464A3F3E18ED62E200707F0A /* Supporting Files */,
			);
			path = FulltextSearchTests;
			sourceTree = "<group>";
		};
		464A3F3E18ED62E200707F0A /* Supporting Files */ = {
			isa = PBXGroup;
			children = (
				464A3F3F18ED62E200707F0A /* FulltextSearchTests-Info.plist */,
				464A3F4018ED62E200707F0A /* InfoPlist.strings */,
			);
			name = "Supporting Files";
			sourceTree = "<group>";
		};
/* End PBXGroup section */

/* Begin PBXNativeTarget section */
		464A3F1418ED62E200707F0A /* FulltextSearch */ = {
			isa = PBXNativeTarget;
			buildConfigurationList = 464A3F4718ED62E200707F0A /* Build configuration list for PBXNativeTarget "FulltextSearch" */;
			buildPhases = (
				464A3F1118ED62E200707F0A /* Sources */,
				464A3F1218ED62E200707F0A /* Frameworks */,
				464A3F1318ED62E200707F0A /* Resources */,
			);
			buildRules = (
			);
			dependencies = (
			);
			name = FulltextSearch;
			productName = FulltextSearch;
			productReference = 464A3F1518ED62E200707F0A /* FulltextSearch.app */;
			productType = "com.apple.product-type.application";
		};
		464A3F3518ED62E200707F0A /* FulltextSearchTests */ = {
			isa = PBXNativeTarget;
			buildConfigurationList = 464A3F4A18ED62E200707F0A /* Build configuration list for PBXNativeTarget "FulltextSearchTests" */;
			buildPhases = (
				464A3F3218ED62E200707F0A /* Sources */,
				464A3F3318ED62E200707F0A /* Frameworks */,
				464A3F3418ED62E200707F0A /* Resources */,
			);
			buildRules = (
			);
			dependencies = (
				464A3F3C18ED62E200707F0A /* PBXTargetDependency */,
			);
			name = FulltextSearchTests;
			productName = FulltextSearchTests;
			productReference = 464A3F3618ED62E200707F0A /* FulltextSearchTests.xctest */;
			productType = "com.apple.product-type.bundle.unit-test";
		};
/* End PBXNativeTarget section */

/* Begin PBXProject section */
		464A3F0D18ED62E100707F0A /* Project object */ = {
			isa = PBXProject;
			attributes = {
				LastUpgradeCheck = 0510;
				ORGANIZATIONNAME = AlioCHIU;
				TargetAttributes = {
					464A3F3518ED62E200707F0A = {
						TestTargetID = 464A3F1418ED62E200707F0A;
					};
				};
			};
			buildConfigurationList = 464A3F1018ED62E100707F0A /* Build configuration list for PBXProject "FulltextSearch" */;
			compatibilityVersion = "Xcode 3.2";
			developmentRegion = English;
			hasScannedForEncodings = 0;
			knownRegions = (
				en,
				Base,
			);
			mainGroup = 464A3F0C18ED62E100707F0A;
			productRefGroup = 464A3F1618ED62E200707F0A /* Products */;
			projectDirPath = "";
			projectRoot = "";
			targets = (
				464A3F1418ED62E200707F0A /* FulltextSearch */,
				464A3F3518ED62E200707F0A /* FulltextSearchTests */,
			);
		};
/* End PBXProject section */

/* Begin PBXResourcesBuildPhase section */
		464A3F1318ED62E200707F0A /* Resources */ = {
			isa = PBXResourcesBuildPhase;
			buildActionMask = 2147483647;
			files = (
				464A3F5D18F24D2200707F0A /* JsonCall in Resources */,
				464A3F6218F24D2200707F0A /* JsonNews in Resources */,
				464A3F6918F24D2200707F0A /* JsonSpecial in Resources */,
				464A3F6A18F24D2200707F0A /* JsonVideo in Resources */,
				464A3F5F18F24D2200707F0A /* JsonCoupon in Resources */,
				464A3F5E18F24D2200707F0A /* JsonContact in Resources */,
				464A3F4E18ED62FC00707F0A /* JsonCatalog in Resources */,
				464A3F6118F24D2200707F0A /* JsonIntro in Resources */,
				464A3F6418F24D2200707F0A /* JsonProfile in Resources */,
				464A3F3118ED62E200707F0A /* Images.xcassets in Resources */,
				464A3F2318ED62E200707F0A /* InfoPlist.strings in Resources */,
				464A3F6018F24D2200707F0A /* JsonFavorite in Resources */,
				464A3F6518F24D2200707F0A /* JsonProfilePhoto in Resources */,
				464A3F2C18ED62E200707F0A /* Main.storyboard in Resources */,
			);
			runOnlyForDeploymentPostprocessing = 0;
		};
		464A3F3418ED62E200707F0A /* Resources */ = {
			isa = PBXResourcesBuildPhase;
			buildActionMask = 2147483647;
			files = (
				464A3F4218ED62E200707F0A /* InfoPlist.strings in Resources */,
			);
			runOnlyForDeploymentPostprocessing = 0;
		};
/* End PBXResourcesBuildPhase section */

/* Begin PBXSourcesBuildPhase section */
		464A3F1118ED62E200707F0A /* Sources */ = {
			isa = PBXSourcesBuildPhase;
			buildActionMask = 2147483647;
			files = (
				464A3F2F18ED62E200707F0A /* ViewController.m in Sources */,
				464A3F2918ED62E200707F0A /* AppDelegate.m in Sources */,
				464A3F2518ED62E200707F0A /* main.m in Sources */,
			);
			runOnlyForDeploymentPostprocessing = 0;
		};
		464A3F3218ED62E200707F0A /* Sources */ = {
			isa = PBXSourcesBuildPhase;
			buildActionMask = 2147483647;
			files = (
				464A3F4418ED62E200707F0A /* FulltextSearchTests.m in Sources */,
			);
			runOnlyForDeploymentPostprocessing = 0;
		};
/* End PBXSourcesBuildPhase section */

/* Begin PBXTargetDependency section */
		464A3F3C18ED62E200707F0A /* PBXTargetDependency */ = {
			isa = PBXTargetDependency;
			target = 464A3F1418ED62E200707F0A /* FulltextSearch */;
			targetProxy = 464A3F3B18ED62E200707F0A /* PBXContainerItemProxy */;
		};
/* End PBXTargetDependency section */

/* Begin PBXVariantGroup section */
		464A3F2118ED62E200707F0A /* InfoPlist.strings */ = {
			isa = PBXVariantGroup;
			children = (
				464A3F2218ED62E200707F0A /* en */,
			);
			name = InfoPlist.strings;
			sourceTree = "<group>";
		};
		464A3F2A18ED62E200707F0A /* Main.storyboard */ = {
			isa = PBXVariantGroup;
			children = (
				464A3F2B18ED62E200707F0A /* Base */,
			);
			name = Main.storyboard;
			sourceTree = "<group>";
		};
		464A3F4018ED62E200707F0A /* InfoPlist.strings */ = {
			isa = PBXVariantGroup;
			children = (
				464A3F4118ED62E200707F0A /* en */,
			);
			name = InfoPlist.strings;
			sourceTree = "<group>";
		};
/* End PBXVariantGroup section */

/* Begin XCBuildConfiguration section */
		464A3F4518ED62E200707F0A /* Debug */ = {
			isa = XCBuildConfiguration;
			buildSettings = {
				ALWAYS_SEARCH_USER_PATHS = NO;
				CLANG_CXX_LANGUAGE_STANDARD = "gnu++0x";
				CLANG_CXX_LIBRARY = "libc++";
				CLANG_ENABLE_MODULES = YES;
				CLANG_ENABLE_OBJC_ARC = YES;
				CLANG_WARN_BOOL_CONVERSION = YES;
				CLANG_WARN_CONSTANT_CONVERSION = YES;
				CLANG_WARN_DIRECT_OBJC_ISA_USAGE = YES_ERROR;
				CLANG_WARN_EMPTY_BODY = YES;
				CLANG_WARN_ENUM_CONVERSION = YES;
				CLANG_WARN_INT_CONVERSION = YES;
				CLANG_WARN_OBJC_ROOT_CLASS = YES_ERROR;
				CLANG_WARN__DUPLICATE_METHOD_MATCH = YES;
				"CODE_SIGN_IDENTITY[sdk=iphoneos*]" = "iPhone Developer";
				COPY_PHASE_STRIP = NO;
				GCC_C_LANGUAGE_STANDARD = gnu99;
				GCC_DYNAMIC_NO_PIC = NO;
				GCC_OPTIMIZATION_LEVEL = 0;
				GCC_PREPROCESSOR_DEFINITIONS = (
					"DEBUG=1",
					"$(inherited)",
				);
				GCC_SYMBOLS_PRIVATE_EXTERN = NO;
				GCC_WARN_64_TO_32_BIT_CONVERSION = YES;
				GCC_WARN_ABOUT_RETURN_TYPE = YES_ERROR;
				GCC_WARN_UNDECLARED_SELECTOR = YES;
				GCC_WARN_UNINITIALIZED_AUTOS = YES_AGGRESSIVE;
				GCC_WARN_UNUSED_FUNCTION = YES;
				GCC_WARN_UNUSED_VARIABLE = YES;
				IPHONEOS_DEPLOYMENT_TARGET = 7.1;
				ONLY_ACTIVE_ARCH = YES;
				SDKROOT = iphoneos;
			};
			name = Debug;
		};
		464A3F4618ED62E200707F0A /* Release */ = {
			isa = XCBuildConfiguration;
			buildSettings = {
				ALWAYS_SEARCH_USER_PATHS = NO;
				CLANG_CXX_LANGUAGE_STANDARD = "gnu++0x";
				CLANG_CXX_LIBRARY = "libc++";
				CLANG_ENABLE_MODULES = YES;
				CLANG_ENABLE_OBJC_ARC = YES;
				CLANG_WARN_BOOL_CONVERSION = YES;
				CLANG_WARN_CONSTANT_CONVERSION = YES;
				CLANG_WARN_DIRECT_OBJC_ISA_USAGE = YES_ERROR;
				CLANG_WARN_EMPTY_BODY = YES;
				CLANG_WARN_ENUM_CONVERSION = YES;
				CLANG_WARN_INT_CONVERSION = YES;
				CLANG_WARN_OBJC_ROOT_CLASS = YES_ERROR;
				CLANG_WARN__DUPLICATE_METHOD_MATCH = YES;
				"CODE_SIGN_IDENTITY[sdk=iphoneos*]" = "iPhone Developer";
				COPY_PHASE_STRIP = YES;
				ENABLE_NS_ASSERTIONS = NO;
				GCC_C_LANGUAGE_STANDARD = gnu99;
				GCC_WARN_64_TO_32_BIT_CONVERSION = YES;
				GCC_WARN_ABOUT_RETURN_TYPE = YES_ERROR;
				GCC_WARN_UNDECLARED_SELECTOR = YES;
				GCC_WARN_UNINITIALIZED_AUTOS = YES_AGGRESSIVE;
				GCC_WARN_UNUSED_FUNCTION = YES;
				GCC_WARN_UNUSED_VARIABLE = YES;
				IPHONEOS_DEPLOYMENT_TARGET = 7.1;
				SDKROOT = iphoneos;
				VALIDATE_PRODUCT = YES;
			};
			name = Release;
		};
		464A3F4818ED62E200707F0A /* Debug */ = {
			isa = XCBuildConfiguration;
			buildSettings = {
				ASSETCATALOG_COMPILER_APPICON_NAME = AppIcon;
				ASSETCATALOG_COMPILER_LAUNCHIMAGE_NAME = LaunchImage;
				GCC_PRECOMPILE_PREFIX_HEADER = YES;
				GCC_PREFIX_HEADER = "FulltextSearch/FulltextSearch-Prefix.pch";
				INFOPLIST_FILE = "FulltextSearch/FulltextSearch-Info.plist";
				IPHONEOS_DEPLOYMENT_TARGET = 7.0;
				PRODUCT_NAME = "$(TARGET_NAME)";
				WRAPPER_EXTENSION = app;
			};
			name = Debug;
		};
		464A3F4918ED62E200707F0A /* Release */ = {
			isa = XCBuildConfiguration;
			buildSettings = {
				ASSETCATALOG_COMPILER_APPICON_NAME = AppIcon;
				ASSETCATALOG_COMPILER_LAUNCHIMAGE_NAME = LaunchImage;
				GCC_PRECOMPILE_PREFIX_HEADER = YES;
				GCC_PREFIX_HEADER = "FulltextSearch/FulltextSearch-Prefix.pch";
				INFOPLIST_FILE = "FulltextSearch/FulltextSearch-Info.plist";
				IPHONEOS_DEPLOYMENT_TARGET = 7.0;
				PRODUCT_NAME = "$(TARGET_NAME)";
				WRAPPER_EXTENSION = app;
			};
			name = Release;
		};
		464A3F4B18ED62E200707F0A /* Debug */ = {
			isa = XCBuildConfiguration;
			buildSettings = {
				BUNDLE_LOADER = "$(BUILT_PRODUCTS_DIR)/FulltextSearch.app/FulltextSearch";
				FRAMEWORK_SEARCH_PATHS = (
					"$(SDKROOT)/Developer/Library/Frameworks",
					"$(inherited)",
					"$(DEVELOPER_FRAMEWORKS_DIR)",
				);
				GCC_PRECOMPILE_PREFIX_HEADER = YES;
				GCC_PREFIX_HEADER = "FulltextSearch/FulltextSearch-Prefix.pch";
				GCC_PREPROCESSOR_DEFINITIONS = (
					"DEBUG=1",
					"$(inherited)",
				);
				INFOPLIST_FILE = "FulltextSearchTests/FulltextSearchTests-Info.plist";
				PRODUCT_NAME = "$(TARGET_NAME)";
				TEST_HOST = "$(BUNDLE_LOADER)";
				WRAPPER_EXTENSION = xctest;
			};
			name = Debug;
		};
		464A3F4C18ED62E200707F0A /* Release */ = {
			isa = XCBuildConfiguration;
			buildSettings = {
				BUNDLE_LOADER = "$(BUILT_PRODUCTS_DIR)/FulltextSearch.app/FulltextSearch";
				FRAMEWORK_SEARCH_PATHS = (
					"$(SDKROOT)/Developer/Library/Frameworks",
					"$(inherited)",
					"$(DEVELOPER_FRAMEWORKS_DIR)",
				);
				GCC_PRECOMPILE_PREFIX_HEADER = YES;
				GCC_PREFIX_HEADER = "FulltextSearch/FulltextSearch-Prefix.pch";
				INFOPLIST_FILE = "FulltextSearchTests/FulltextSearchTests-Info.plist";
				PRODUCT_NAME = "$(TARGET_NAME)";
				TEST_HOST = "$(BUNDLE_LOADER)";
				WRAPPER_EXTENSION = xctest;
			};
			name = Release;
		};
/* End XCBuildConfiguration section */

/* Begin XCConfigurationList section */
		464A3F1018ED62E100707F0A /* Build configuration list for PBXProject "FulltextSearch" */ = {
			isa = XCConfigurationList;
			buildConfigurations = (
				464A3F4518ED62E200707F0A /* Debug */,
				464A3F4618ED62E200707F0A /* Release */,
			);
			defaultConfigurationIsVisible = 0;
			defaultConfigurationName = Release;
		};
		464A3F4718ED62E200707F0A /* Build configuration list for PBXNativeTarget "FulltextSearch" */ = {
			isa = XCConfigurationList;
			buildConfigurations = (
				464A3F4818ED62E200707F0A /* Debug */,
				464A3F4918ED62E200707F0A /* Release */,
			);
			defaultConfigurationIsVisible = 0;
			defaultConfigurationName = Release;
		};
		464A3F4A18ED62E200707F0A /* Build configuration list for PBXNativeTarget "FulltextSearchTests" */ = {
			isa = XCConfigurationList;
			buildConfigurations = (
				464A3F4B18ED62E200707F0A /* Debug */,
				464A3F4C18ED62E200707F0A /* Release */,
			);
			defaultConfigurationIsVisible = 0;
			defaultConfigurationName = Release;
		};
/* End XCConfigurationList section */
	};
	rootObject = 464A3F0D18ED62E100707F0A /* Project object */;
}
